{
  "name": "PraveenaAgricultureFarm",
  "lockfileVersion": 2,
  "requires": true,
  "packages": {
    "": {
      "devDependencies": {
        "classy-nav": "^0.4.0"
      }
    },
    "node_modules/classy-nav": {
      "version": "0.4.0",
      "resolved": "https://registry.npmjs.org/classy-nav/-/classy-nav-0.4.0.tgz",
      "integrity": "sha1-LoauMFLjZ1VMqRL4evEgX1W3BdM=",
      "dev": true
    }
  },
  "dependencies": {
    "classy-nav": {
      "version": "0.4.0",
      "resolved": "https://registry.npmjs.org/classy-nav/-/classy-nav-0.4.0.tgz",
      "integrity": "sha1-LoauMFLjZ1VMqRL4evEgX1W3BdM=",
      "dev": true
    }
  }
}
